{
  "name": "kn3sv1-random-number-generator-git",
  "version": "1.0.0",
  "lockfileVersion": 1,
  "requires": true,
  "dependencies": {
    "kn3sv1-random-number-generator": {
      "version": "github:Kn3sv1/es-demo-random-number-generator#fa6df8c5568983f71041e2ebf4fe4a0bc30b4f0e",
      "from": "github:Kn3sv1/es-demo-random-number-generator"
    }
  }
}
